Microsoft Visual Studio Solution File, Format Version 12.00
# Visual Studio Version 17
VisualStudioVersion = 17.5.2.0
MinimumVisualStudioVersion = 10.0.40219.1
Project("{FAE04EC0-301F-11D3-BF4B-00C04F79EFBC}") = "StudentManagementAPI", "StudentManagementAPI\StudentManagementAPI.csproj", "{E1DD3E1B-9923-2955-DE98-718F4C64CD77}"
EndProject
Global
	GlobalSection(SolutionConfigurationPlatforms) = preSolution
		Debug|Any CPU = Debug|Any CPU
		Release|Any CPU = Release|Any CPU
	EndGlobalSection
	GlobalSection(ProjectConfigurationPlatforms) = postSolution
		{E1DD3E1B-9923-2955-DE98-718F4C64CD77}.Debug|Any CPU.ActiveCfg = Debug|Any CPU
		{E1DD3E1B-9923-2955-DE98-718F4C64CD77}.Debug|Any CPU.Build.0 = Debug|Any CPU
		{E1DD3E1B-9923-2955-DE98-718F4C64CD77}.Release|Any CPU.ActiveCfg = Release|Any CPU
		{E1DD3E1B-9923-2955-DE98-718F4C64CD77}.Release|Any CPU.Build.0 = Release|Any CPU
	EndGlobalSection
	GlobalSection(SolutionProperties) = preSolution
		HideSolutionNode = FALSE
	EndGlobalSection
	GlobalSection(ExtensibilityGlobals) = postSolution
		SolutionGuid = {042180C6-2510-4AFA-A0CA-0431E8CE0556}
	EndGlobalSection
EndGlobal
